
Microsoft Visual Studio Solution File, Format Version 12.00
# Visual Studio Version 17
VisualStudioVersion = 17.5.33530.505
MinimumVisualStudioVersion = 10.0.40219.1
Project("{FAE04EC0-301F-11D3-BF4B-00C04F79EFBC}") = "PruebaPOO", "PruebaPOO\PruebaPOO.csproj", "{6C5C77E0-B6B1-4F1A-A15B-51649F3992F0}"
EndProject
Global
	GlobalSection(SolutionConfigurationPlatforms) = preSolution
		Debug|Any CPU = Debug|Any CPU
		Release|Any CPU = Release|Any CPU
	EndGlobalSection
	GlobalSection(ProjectConfigurationPlatforms) = postSolution
		{6C5C77E0-B6B1-4F1A-A15B-51649F3992F0}.Debug|Any CPU.ActiveCfg = Debug|Any CPU
		{6C5C77E0-B6B1-4F1A-A15B-51649F3992F0}.Debug|Any CPU.Build.0 = Debug|Any CPU
		{6C5C77E0-B6B1-4F1A-A15B-51649F3992F0}.Release|Any CPU.ActiveCfg = Release|Any CPU
		{6C5C77E0-B6B1-4F1A-A15B-51649F3992F0}.Release|Any CPU.Build.0 = Release|Any CPU
	EndGlobalSection
	GlobalSection(SolutionProperties) = preSolution
		HideSolutionNode = FALSE
	EndGlobalSection
	GlobalSection(ExtensibilityGlobals) = postSolution
		SolutionGuid = {5CE49F6F-2DC4-436F-B22E-7F6D12B28F5B}
	EndGlobalSection
EndGlobal
